<?xml version="1.0" encoding="utf-8"?>
<Project ToolsVersion="4.0" xmlns="http://schemas.microsoft.com/developer/msbuild/2003">
  <ItemGroup>
    <Filter Include="源文件">
      <UniqueIdentifier>{4FC737F1-C7A5-4376-A066-2A32D752A2FF}</UniqueIdentifier>
      <Extensions>cpp;c;cc;cxx;def;odl;idl;hpj;bat;asm;asmx</Extensions>
    </Filter>
    <Filter Include="头文件">
      <UniqueIdentifier>{93995380-89BD-4b04-88EB-625FBE52EBFB}</UniqueIdentifier>
      <Extensions>h;hpp;hxx;hm;inl;inc;xsd</Extensions>
    </Filter>
    <Filter Include="资源文件">
      <UniqueIdentifier>{67DA6AB6-F800-4c08-8B7A-83BB121AAD01}</UniqueIdentifier>
      <Extensions>rc;ico;cur;bmp;dlg;rc2;rct;bin;rgs;gif;jpg;jpeg;jpe;resx;tiff;tif;png;wav;mfcribbon-ms</Extensions>
    </Filter>
  </ItemGroup>
  <ItemGroup>
    <MASM Include="Game.asm">
      <Filter>源文件</Filter>
    </MASM>
    <MASM Include="_battleship.asm">
      <Filter>源文件</Filter>
    </MASM>
    <MASM Include="_vars.asm">
      <Filter>源文件</Filter>
    </MASM>
    <MASM Include="_bomb.asm">
      <Filter>源文件</Filter>
    </MASM>
    <MASM Include="_sub1.asm">
      <Filter>源文件</Filter>
    </MASM>
    <MASM Include="_sub2.asm">
      <Filter>源文件</Filter>
    </MASM>
    <MASM Include="_torpedo.asm">
      <Filter>源文件</Filter>
    </MASM>
    <MASM Include="_sub3.asm">
      <Filter>源文件</Filter>
    </MASM>
    <MASM Include="_rand.asm">
      <Filter>源文件</Filter>
    </MASM>
    <MASM Include="_explode.asm">
      <Filter>源文件</Filter>
    </MASM>
    <MASM Include="_timer.asm">
      <Filter>源文件</Filter>
    </MASM>
  </ItemGroup>
  <ItemGroup>
    <ResourceCompile Include="Game.rc">
      <Filter>资源文件</Filter>
    </ResourceCompile>
  </ItemGroup>
  <ItemGroup>
    <None Include="vars.inc">
      <Filter>头文件</Filter>
    </None>
    <None Include="battleship.inc">
      <Filter>头文件</Filter>
    </None>
    <None Include="bomb.inc">
      <Filter>头文件</Filter>
    </None>
    <None Include="myStruct.inc">
      <Filter>头文件</Filter>
    </None>
    <None Include="sub1.inc">
      <Filter>头文件</Filter>
    </None>
    <None Include="sub2.inc">
      <Filter>头文件</Filter>
    </None>
    <None Include="torpedo.inc">
      <Filter>头文件</Filter>
    </None>
    <None Include="sub3.inc">
      <Filter>头文件</Filter>
    </None>
    <None Include="rand.inc">
      <Filter>头文件</Filter>
    </None>
    <None Include="explode.inc">
      <Filter>头文件</Filter>
    </None>
    <None Include="timer.inc">
      <Filter>头文件</Filter>
    </None>
  </ItemGroup>
</Project>